
Microsoft Visual Studio Solution File, Format Version 12.00
# Visual Studio 15
VisualStudioVersion = 15.0.27703.2026
MinimumVisualStudioVersion = 10.0.40219.1
Project("{8BC9CEB8-8B4A-11D0-8D11-00A0C91BC942}") = "DijkstraAlgorithm", "DijkstraAlgorithm\DijkstraAlgorithm.vcxproj", "{7DA11C6A-C21C-4351-8972-D7FB0BE7D5FD}"
EndProject
Global
	GlobalSection(SolutionConfigurationPlatforms) = preSolution
		Debug|x64 = Debug|x64
		Debug|x86 = Debug|x86
		Release|x64 = Release|x64
		Release|x86 = Release|x86
	EndGlobalSection
	GlobalSection(ProjectConfigurationPlatforms) = postSolution
		{7DA11C6A-C21C-4351-8972-D7FB0BE7D5FD}.Debug|x64.ActiveCfg = Debug|x64
		{7DA11C6A-C21C-4351-8972-D7FB0BE7D5FD}.Debug|x64.Build.0 = Debug|x64
		{7DA11C6A-C21C-4351-8972-D7FB0BE7D5FD}.Debug|x86.ActiveCfg = Debug|Win32
		{7DA11C6A-C21C-4351-8972-D7FB0BE7D5FD}.Debug|x86.Build.0 = Debug|Win32
		{7DA11C6A-C21C-4351-8972-D7FB0BE7D5FD}.Release|x64.ActiveCfg = Release|x64
		{7DA11C6A-C21C-4351-8972-D7FB0BE7D5FD}.Release|x64.Build.0 = Release|x64
		{7DA11C6A-C21C-4351-8972-D7FB0BE7D5FD}.Release|x86.ActiveCfg = Release|Win32
		{7DA11C6A-C21C-4351-8972-D7FB0BE7D5FD}.Release|x86.Build.0 = Release|Win32
	EndGlobalSection
	GlobalSection(SolutionProperties) = preSolution
		HideSolutionNode = FALSE
	EndGlobalSection
	GlobalSection(ExtensibilityGlobals) = postSolution
		SolutionGuid = {5F22CC0B-78F4-4334-997D-8DFA33ABB470}
	EndGlobalSection
EndGlobal
